
Microsoft Visual Studio Solution File, Format Version 12.00
Project("{FAE04EC0-301F-11D3-BF4B-00C04F79EFBC}") = "Arkgihts_Skill_Level10_Calculator", "Arkgihts_Skill_Level10_Calculator\Arkgihts_Skill_Level10_Calculator.csproj", "{121CDC38-1270-47EB-8D5D-47C49EA404CA}"
EndProject
Global
	GlobalSection(SolutionConfigurationPlatforms) = preSolution
		Debug|Any CPU = Debug|Any CPU
		Release|Any CPU = Release|Any CPU
	EndGlobalSection
	GlobalSection(ProjectConfigurationPlatforms) = postSolution
		{121CDC38-1270-47EB-8D5D-47C49EA404CA}.Debug|Any CPU.ActiveCfg = Debug|Any CPU
		{121CDC38-1270-47EB-8D5D-47C49EA404CA}.Debug|Any CPU.Build.0 = Debug|Any CPU
		{121CDC38-1270-47EB-8D5D-47C49EA404CA}.Release|Any CPU.ActiveCfg = Release|Any CPU
		{121CDC38-1270-47EB-8D5D-47C49EA404CA}.Release|Any CPU.Build.0 = Release|Any CPU
	EndGlobalSection
EndGlobal
